{
  "lockfileVersion": 1,
  "configVersion": 1,
  "workspaces": {
    "": {
      "name": "better-dx",
      "devDependencies": {
        "@stacksjs/clapp": "^0.2.3",
        "bun-plugin-dtsx": "^0.9.14",
        "bunfig": "^0.15.11",
      },
      "peerDependencies": {
        "@stacksjs/bumpx": "^0.2.5",
        "@stacksjs/bunpress": "^0.1.4",
        "@stacksjs/clarity": "^0.3.28",
        "@stacksjs/gitlint": "^0.1.5",
        "@stacksjs/logsmith": "^0.2.1",
        "@types/bun": "^1.3.13",
        "buddy-bot": "^0.9.17",
        "bun-git-hooks": "^0.3.1",
        "bun-plugin-dtsx": "^0.9.14",
        "bunfig": "^0.15.11",
        "pickier": "^0.1.27",
        "ts-error-handling": "^0.1.1",
        "typescript": "^6.0.3",
      },
      "optionalPeers": [
        "@stacksjs/bumpx",
        "@stacksjs/bunpress",
        "@stacksjs/clarity",
        "@stacksjs/gitlint",
        "@stacksjs/logsmith",
        "@types/bun",
        "buddy-bot",
        "bun-git-hooks",
        "bun-plugin-dtsx",
        "bunfig",
        "pickier",
        "ts-error-handling",
        "typescript",
      ],
    },
  },
  "packages": {
    "@stacksjs/clapp": ["@stacksjs/clapp@0.2.3", "", {}, "sha512-ZWloSgbuHK96Epkk5HOJXaPoi/pVoiPbixnnQh/tf14AHCKvFi1aIjCTn3p87xMlSNw5zeTiuXfb2TuczQbG2g=="],

    "@stacksjs/clarity": ["@stacksjs/clarity@0.3.28", "", { "dependencies": { "bunfig": "^0.15.6" }, "bin": { "clarity": "./dist/bin/cli.js" } }, "sha512-SElzGeDewEbp0c4C8PTfdvi/Xtr1HGAjG6b0prHvkVxyYGM+2R0BFU0otUmy+DbR7wsfZ4rNU3YN1+JK/CzoTw=="],

    "@stacksjs/dtsx": ["@stacksjs/dtsx@0.9.14", "", { "dependencies": { "@stacksjs/clapp": "^0.2.0" }, "peerDependencies": { "typescript": ">=5.9.3" }, "bin": { "dtsx": "./dist/bin/cli.js" } }, "sha512-/RJpx7PEZeqnBMZMSLNz+xjTG60yBgTleVvHO2lQ/BnsrutE6oAXcaa11k1pUBxlSCLqW+E2r9C7fZHHJafEgg=="],

    "ansi-regex": ["ansi-regex@6.2.2", "", {}, "sha512-Bq3SmSpyFHaWjPk8If9yc6svM8c56dB5BAtW4Qbw5jHTwwXXcTLoRMkpDJp6VL0XzlWaCHTXrkFURMYmD0sLqg=="],

    "ansi-styles": ["ansi-styles@6.2.3", "", {}, "sha512-4Dj6M28JB+oAH8kFkTLUo+a2jwOFkuqb3yucU0CANcRRUbxS0cP0nZYCGjcc3BNXwRIsUVmDGgzawme7zvJHvg=="],

    "bun-plugin-dtsx": ["bun-plugin-dtsx@0.9.14", "", { "dependencies": { "@stacksjs/dtsx": "0.9.14" } }, "sha512-oWnLBXKLANyQqIInLjFYBszKu0akSQ/XblH/guRsphNcuo5NTd38uB3ozoe86hdP4mFYzzeCMag7IakSdDUHIg=="],

    "bunfig": ["bunfig@0.15.11", "", { "dependencies": { "@stacksjs/clapp": "^0.2.0", "@stacksjs/clarity": "^0.3.24" }, "bin": { "bunfig": "./bin/cli.js" } }, "sha512-yJmUTNoHJdJB3r4on6kHT1zqqKEhA+5GpYHI2cGQC5l7ayTYYdOzd6gUwYFMg3KD8gmwJS6b7YzQMwVZiiqz4w=="],

    "emoji-regex": ["emoji-regex@10.6.0", "", {}, "sha512-toUI84YS5YmxW219erniWD0CIVOo46xGKColeNQRgOzDorgBi1v4D71/OFzgD9GO2UGKIv1C3Sp8DAn0+j5w7A=="],

    "get-east-asian-width": ["get-east-asian-width@1.5.0", "", {}, "sha512-CQ+bEO+Tva/qlmw24dCejulK5pMzVnUOFOijVogd3KQs07HnRIgp8TGipvCCRT06xeYEbpbgwaCxglFyiuIcmA=="],

    "mri": ["mri@1.2.0", "", {}, "sha512-tzzskb3bG8LvYGFF/mDTpq3jpI6Q9wc3LEmBaghu+DdCssd1FakN7Bc0hVNmEyGq1bq3RgfkCb3cmQLpNPOroA=="],

    "string-width": ["string-width@7.2.0", "", { "dependencies": { "emoji-regex": "^10.3.0", "get-east-asian-width": "^1.0.0", "strip-ansi": "^7.1.0" } }, "sha512-tsaTIkKW9b4N+AEj+SVA+WhJzV7/zMhcSu78mLKWSk7cXMOSHsBKFWUs0fWwq8QyK3MgJBQRX6Gbi4kYbdvGkQ=="],

    "strip-ansi": ["strip-ansi@7.2.0", "", { "dependencies": { "ansi-regex": "^6.2.2" } }, "sha512-yDPMNjp4WyfYBkHnjIRLfca1i6KMyGCtsVgoKe/z1+6vukgaENdgGBZt+ZmKPc4gavvEZ5OgHfHdrazhgNyG7w=="],

    "typescript": ["typescript@6.0.3", "", { "bin": { "tsc": "bin/tsc", "tsserver": "bin/tsserver" } }, "sha512-y2TvuxSZPDyQakkFRPZHKFm+KKVqIisdg9/CZwm9ftvKXLP8NRWj38/ODjNbr43SsoXqNuAisEf1GdCxqWcdBw=="],

    "wrap-ansi": ["wrap-ansi@9.0.2", "", { "dependencies": { "ansi-styles": "^6.2.1", "string-width": "^7.0.0", "strip-ansi": "^7.1.0" } }, "sha512-42AtmgqjV+X1VpdOfyTGOYRi0/zsoLqtXQckTmqTeybT+BDIbM/Guxo7x3pE2vtpr1ok6xRqM9OpBe+Jyoqyww=="],

    "@stacksjs/dtsx/@stacksjs/clapp": ["@stacksjs/clapp@0.2.0", "", { "dependencies": { "mri": "^1.2.0", "wrap-ansi": "^9.0.0" }, "bin": { "clapp": "dist/bin/cli.js", "@stacksjs/clapp": "dist/bin/cli.js" } }, "sha512-dSqnbeZjXnQLLvVxC5NU7D9Vpjxc6cC9Bo2ZwaqjgruK7pbVoFCI0goc9Mtf/lfSTbTx6Uvv/mbY7+cOW/j3Og=="],
  }
}
